// !$*UTF8*$!
{
	archiveVersion = 1;
	classes = {
	};
	objectVersion = 56;
	objects = {

/* Begin PBXBuildFile section */
		EE0C215B291981D4002AE8AD /* AppDelegate.swift in Sources */ = {isa = PBXBuildFile; fileRef = EE0C215A291981D4002AE8AD /* AppDelegate.swift */; };
		EE0C215D291981D4002AE8AD /* SceneDelegate.swift in Sources */ = {isa = PBXBuildFile; fileRef = EE0C215C291981D4002AE8AD /* SceneDelegate.swift */; };
		EE0C215F291981D4002AE8AD /* ViewController.swift in Sources */ = {isa = PBXBuildFile; fileRef = EE0C215E291981D4002AE8AD /* ViewController.swift */; };
		EE0C2162291981D4002AE8AD /* Main.storyboard in Resources */ = {isa = PBXBuildFile; fileRef = EE0C2160291981D4002AE8AD /* Main.storyboard */; };
		EE0C2164291981D6002AE8AD /* Assets.xcassets in Resources */ = {isa = PBXBuildFile; fileRef = EE0C2163291981D6002AE8AD /* Assets.xcassets */; };
		EE0C2167291981D6002AE8AD /* LaunchScreen.storyboard in Resources */ = {isa = PBXBuildFile; fileRef = EE0C2165291981D6002AE8AD /* LaunchScreen.storyboard */; };
		EE3A9AD829219EEF005C711F /* tableViewDataSource.swift in Sources */ = {isa = PBXBuildFile; fileRef = EE3A9AD729219EEF005C711F /* tableViewDataSource.swift */; };
		EE3A9AE12921ABFE005C711F /* deleteEffect.wav in Resources */ = {isa = PBXBuildFile; fileRef = EE3A9ADF2921ABFE005C711F /* deleteEffect.wav */; };
		EE3A9AE22921ABFE005C711F /* noteEffect.wav in Resources */ = {isa = PBXBuildFile; fileRef = EE3A9AE02921ABFE005C711F /* noteEffect.wav */; };
		EE3A9AE529228E60005C711F /* dismissKeyboardFunc.swift in Sources */ = {isa = PBXBuildFile; fileRef = EE3A9AE429228E60005C711F /* dismissKeyboardFunc.swift */; };
		EE3A9AE729228EE8005C711F /* addNoteButtonAction.swift in Sources */ = {isa = PBXBuildFile; fileRef = EE3A9AE629228EE8005C711F /* addNoteButtonAction.swift */; };
		EE3A9B0F2923CEB1005C711F /* tableViewDelegate.swift in Sources */ = {isa = PBXBuildFile; fileRef = EE3A9B0E2923CEB1005C711F /* tableViewDelegate.swift */; };
/* End PBXBuildFile section */

/* Begin PBXFileReference section */
		EE0C2157291981D4002AE8AD /* simple notes.app */ = {isa = PBXFileReference; explicitFileType = wrapper.application; includeInIndex = 0; path = "simple notes.app"; sourceTree = BUILT_PRODUCTS_DIR; };
		EE0C215A291981D4002AE8AD /* AppDelegate.swift */ = {isa = PBXFileReference; lastKnownFileType = sourcecode.swift; path = AppDelegate.swift; sourceTree = "<group>"; };
		EE0C215C291981D4002AE8AD /* SceneDelegate.swift */ = {isa = PBXFileReference; lastKnownFileType = sourcecode.swift; path = SceneDelegate.swift; sourceTree = "<group>"; };
		EE0C215E291981D4002AE8AD /* ViewController.swift */ = {isa = PBXFileReference; lastKnownFileType = sourcecode.swift; path = ViewController.swift; sourceTree = "<group>"; };
		EE0C2161291981D4002AE8AD /* Base */ = {isa = PBXFileReference; lastKnownFileType = file.storyboard; name = Base; path = Base.lproj/Main.storyboard; sourceTree = "<group>"; };
		EE0C2163291981D6002AE8AD /* Assets.xcassets */ = {isa = PBXFileReference; lastKnownFileType = folder.assetcatalog; path = Assets.xcassets; sourceTree = "<group>"; };
		EE0C2166291981D6002AE8AD /* Base */ = {isa = PBXFileReference; lastKnownFileType = file.storyboard; name = Base; path = Base.lproj/LaunchScreen.storyboard; sourceTree = "<group>"; };
		EE0C2168291981D6002AE8AD /* Info.plist */ = {isa = PBXFileReference; lastKnownFileType = text.plist.xml; path = Info.plist; sourceTree = "<group>"; };
		EE3A9AD729219EEF005C711F /* tableViewDataSource.swift */ = {isa = PBXFileReference; lastKnownFileType = sourcecode.swift; path = tableViewDataSource.swift; sourceTree = "<group>"; };
		EE3A9ADF2921ABFE005C711F /* deleteEffect.wav */ = {isa = PBXFileReference; lastKnownFileType = audio.wav; name = deleteEffect.wav; path = "simple notes/Effect/deleteEffect.wav"; sourceTree = SOURCE_ROOT; };
		EE3A9AE02921ABFE005C711F /* noteEffect.wav */ = {isa = PBXFileReference; lastKnownFileType = audio.wav; name = noteEffect.wav; path = "simple notes/Effect/noteEffect.wav"; sourceTree = SOURCE_ROOT; };
		EE3A9AE429228E60005C711F /* dismissKeyboardFunc.swift */ = {isa = PBXFileReference; lastKnownFileType = sourcecode.swift; path = dismissKeyboardFunc.swift; sourceTree = "<group>"; };
		EE3A9AE629228EE8005C711F /* addNoteButtonAction.swift */ = {isa = PBXFileReference; lastKnownFileType = sourcecode.swift; path = addNoteButtonAction.swift; sourceTree = "<group>"; };
		EE3A9B0E2923CEB1005C711F /* tableViewDelegate.swift */ = {isa = PBXFileReference; lastKnownFileType = sourcecode.swift; path = tableViewDelegate.swift; sourceTree = "<group>"; };
/* End PBXFileReference section */

/* Begin PBXFrameworksBuildPhase section */
		EE0C2154291981D4002AE8AD /* Frameworks */ = {
			isa = PBXFrameworksBuildPhase;
			buildActionMask = 2147483647;
			files = (
			);
			runOnlyForDeploymentPostprocessing = 0;
		};
/* End PBXFrameworksBuildPhase section */

/* Begin PBXGroup section */
		EE0C214E291981D4002AE8AD = {
			isa = PBXGroup;
			children = (
				EE0C2159291981D4002AE8AD /* simple notes */,
				EE0C2158291981D4002AE8AD /* Products */,
			);
			sourceTree = "<group>";
		};
		EE0C2158291981D4002AE8AD /* Products */ = {
			isa = PBXGroup;
			children = (
				EE0C2157291981D4002AE8AD /* simple notes.app */,
			);
			name = Products;
			sourceTree = "<group>";
		};
		EE0C2159291981D4002AE8AD /* simple notes */ = {
			isa = PBXGroup;
			children = (
				EE3A9ADD2921AB48005C711F /* Controller */,
				EE3A9ADE2921AB66005C711F /* View */,
				EE3A9AE829228F6F005C711F /* Modal */,
				EE3A9AE32921AC09005C711F /* Effect */,
				EE0C215A291981D4002AE8AD /* AppDelegate.swift */,
				EE0C215C291981D4002AE8AD /* SceneDelegate.swift */,
				EE0C2163291981D6002AE8AD /* Assets.xcassets */,
				EE0C2165291981D6002AE8AD /* LaunchScreen.storyboard */,
				EE0C2168291981D6002AE8AD /* Info.plist */,
			);
			path = "simple notes";
			sourceTree = "<group>";
		};
		EE3A9ADD2921AB48005C711F /* Controller */ = {
			isa = PBXGroup;
			children = (
				EE0C215E291981D4002AE8AD /* ViewController.swift */,
			);
			path = Controller;
			sourceTree = "<group>";
		};
		EE3A9ADE2921AB66005C711F /* View */ = {
			isa = PBXGroup;
			children = (
				EE0C2160291981D4002AE8AD /* Main.storyboard */,
			);
			path = View;
			sourceTree = "<group>";
		};
		EE3A9AE32921AC09005C711F /* Effect */ = {
			isa = PBXGroup;
			children = (
				EE3A9ADF2921ABFE005C711F /* deleteEffect.wav */,
				EE3A9AE02921ABFE005C711F /* noteEffect.wav */,
			);
			path = Effect;
			sourceTree = "<group>";
		};
		EE3A9AE829228F6F005C711F /* Modal */ = {
			isa = PBXGroup;
			children = (
				EE3A9AD729219EEF005C711F /* tableViewDataSource.swift */,
				EE3A9B0E2923CEB1005C711F /* tableViewDelegate.swift */,
				EE3A9AE429228E60005C711F /* dismissKeyboardFunc.swift */,
				EE3A9AE629228EE8005C711F /* addNoteButtonAction.swift */,
			);
			name = Modal;
			sourceTree = "<group>";
		};
/* End PBXGroup section */

/* Begin PBXNativeTarget section */
		EE0C2156291981D4002AE8AD /* simple notes */ = {
			isa = PBXNativeTarget;
			buildConfigurationList = EE0C216B291981D6002AE8AD /* Build configuration list for PBXNativeTarget "simple notes" */;
			buildPhases = (
				EE0C2153291981D4002AE8AD /* Sources */,
				EE0C2154291981D4002AE8AD /* Frameworks */,
				EE0C2155291981D4002AE8AD /* Resources */,
			);
			buildRules = (
			);
			dependencies = (
			);
			name = "simple notes";
			productName = "simple notes";
			productReference = EE0C2157291981D4002AE8AD /* simple notes.app */;
			productType = "com.apple.product-type.application";
		};
/* End PBXNativeTarget section */

/* Begin PBXProject section */
		EE0C214F291981D4002AE8AD /* Project object */ = {
			isa = PBXProject;
			attributes = {
				BuildIndependentTargetsInParallel = 1;
				LastSwiftUpdateCheck = 1400;
				LastUpgradeCheck = 1400;
				TargetAttributes = {
					EE0C2156291981D4002AE8AD = {
						CreatedOnToolsVersion = 14.0.1;
					};
				};
			};
			buildConfigurationList = EE0C2152291981D4002AE8AD /* Build configuration list for PBXProject "simple notes" */;
			compatibilityVersion = "Xcode 14.0";
			developmentRegion = en;
			hasScannedForEncodings = 0;
			knownRegions = (
				en,
				Base,
			);
			mainGroup = EE0C214E291981D4002AE8AD;
			productRefGroup = EE0C2158291981D4002AE8AD /* Products */;
			projectDirPath = "";
			projectRoot = "";
			targets = (
				EE0C2156291981D4002AE8AD /* simple notes */,
			);
		};
/* End PBXProject section */

/* Begin PBXResourcesBuildPhase section */
		EE0C2155291981D4002AE8AD /* Resources */ = {
			isa = PBXResourcesBuildPhase;
			buildActionMask = 2147483647;
			files = (
				EE3A9AE12921ABFE005C711F /* deleteEffect.wav in Resources */,
				EE3A9AE22921ABFE005C711F /* noteEffect.wav in Resources */,
				EE0C2167291981D6002AE8AD /* LaunchScreen.storyboard in Resources */,
				EE0C2164291981D6002AE8AD /* Assets.xcassets in Resources */,
				EE0C2162291981D4002AE8AD /* Main.storyboard in Resources */,
			);
			runOnlyForDeploymentPostprocessing = 0;
		};
/* End PBXResourcesBuildPhase section */

/* Begin PBXSourcesBuildPhase section */
		EE0C2153291981D4002AE8AD /* Sources */ = {
			isa = PBXSourcesBuildPhase;
			buildActionMask = 2147483647;
			files = (
				EE3A9AE529228E60005C711F /* dismissKeyboardFunc.swift in Sources */,
				EE0C215F291981D4002AE8AD /* ViewController.swift in Sources */,
				EE0C215B291981D4002AE8AD /* AppDelegate.swift in Sources */,
				EE3A9B0F2923CEB1005C711F /* tableViewDelegate.swift in Sources */,
				EE0C215D291981D4002AE8AD /* SceneDelegate.swift in Sources */,
				EE3A9AD829219EEF005C711F /* tableViewDataSource.swift in Sources */,
				EE3A9AE729228EE8005C711F /* addNoteButtonAction.swift in Sources */,
			);
			runOnlyForDeploymentPostprocessing = 0;
		};
/* End PBXSourcesBuildPhase section */

/* Begin PBXVariantGroup section */
		EE0C2160291981D4002AE8AD /* Main.storyboard */ = {
			isa = PBXVariantGroup;
			children = (
				EE0C2161291981D4002AE8AD /* Base */,
			);
			name = Main.storyboard;
			sourceTree = "<group>";
		};
		EE0C2165291981D6002AE8AD /* LaunchScreen.storyboard */ = {
			isa = PBXVariantGroup;
			children = (
				EE0C2166291981D6002AE8AD /* Base */,
			);
			name = LaunchScreen.storyboard;
			sourceTree = "<group>";
		};
/* End PBXVariantGroup section */

/* Begin XCBuildConfiguration section */
		EE0C2169291981D6002AE8AD /* Debug */ = {
			isa = XCBuildConfiguration;
			buildSettings = {
				ALWAYS_SEARCH_USER_PATHS = NO;
				CLANG_ANALYZER_NONNULL = YES;
				CLANG_ANALYZER_NUMBER_OBJECT_CONVERSION = YES_AGGRESSIVE;
				CLANG_CXX_LANGUAGE_STANDARD = "gnu++20";
				CLANG_ENABLE_MODULES = YES;
				CLANG_ENABLE_OBJC_ARC = YES;
				CLANG_ENABLE_OBJC_WEAK = YES;
				CLANG_WARN_BLOCK_CAPTURE_AUTORELEASING = YES;
				CLANG_WARN_BOOL_CONVERSION = YES;
				CLANG_WARN_COMMA = YES;
				CLANG_WARN_CONSTANT_CONVERSION = YES;
				CLANG_WARN_DEPRECATED_OBJC_IMPLEMENTATIONS = YES;
				CLANG_WARN_DIRECT_OBJC_ISA_USAGE = YES_ERROR;
				CLANG_WARN_DOCUMENTATION_COMMENTS = YES;
				CLANG_WARN_EMPTY_BODY = YES;
				CLANG_WARN_ENUM_CONVERSION = YES;
				CLANG_WARN_INFINITE_RECURSION = YES;
				CLANG_WARN_INT_CONVERSION = YES;
				CLANG_WARN_NON_LITERAL_NULL_CONVERSION = YES;
				CLANG_WARN_OBJC_IMPLICIT_RETAIN_SELF = YES;
				CLANG_WARN_OBJC_LITERAL_CONVERSION = YES;
				CLANG_WARN_OBJC_ROOT_CLASS = YES_ERROR;
				CLANG_WARN_QUOTED_INCLUDE_IN_FRAMEWORK_HEADER = YES;
				CLANG_WARN_RANGE_LOOP_ANALYSIS = YES;
				CLANG_WARN_STRICT_PROTOTYPES = YES;
				CLANG_WARN_SUSPICIOUS_MOVE = YES;
				CLANG_WARN_UNGUARDED_AVAILABILITY = YES_AGGRESSIVE;
				CLANG_WARN_UNREACHABLE_CODE = YES;
				CLANG_WARN__DUPLICATE_METHOD_MATCH = YES;
				COPY_PHASE_STRIP = NO;
				DEBUG_INFORMATION_FORMAT = dwarf;
				ENABLE_STRICT_OBJC_MSGSEND = YES;
				ENABLE_TESTABILITY = YES;
				GCC_C_LANGUAGE_STANDARD = gnu11;
				GCC_DYNAMIC_NO_PIC = NO;
				GCC_NO_COMMON_BLOCKS = YES;
				GCC_OPTIMIZATION_LEVEL = 0;
				GCC_PREPROCESSOR_DEFINITIONS = (
					"DEBUG=1",
					"$(inherited)",
				);
				GCC_WARN_64_TO_32_BIT_CONVERSION = YES;
				GCC_WARN_ABOUT_RETURN_TYPE = YES_ERROR;
				GCC_WARN_UNDECLARED_SELECTOR = YES;
				GCC_WARN_UNINITIALIZED_AUTOS = YES_AGGRESSIVE;
				GCC_WARN_UNUSED_FUNCTION = YES;
				GCC_WARN_UNUSED_VARIABLE = YES;
				IPHONEOS_DEPLOYMENT_TARGET = 16.0;
				MTL_ENABLE_DEBUG_INFO = INCLUDE_SOURCE;
				MTL_FAST_MATH = YES;
				ONLY_ACTIVE_ARCH = YES;
				SDKROOT = iphoneos;
				SWIFT_ACTIVE_COMPILATION_CONDITIONS = DEBUG;
				SWIFT_OPTIMIZATION_LEVEL = "-Onone";
			};
			name = Debug;
		};
		EE0C216A291981D6002AE8AD /* Release */ = {
			isa = XCBuildConfiguration;
			buildSettings = {
				ALWAYS_SEARCH_USER_PATHS = NO;
				CLANG_ANALYZER_NONNULL = YES;
				CLANG_ANALYZER_NUMBER_OBJECT_CONVERSION = YES_AGGRESSIVE;
				CLANG_CXX_LANGUAGE_STANDARD = "gnu++20";
				CLANG_ENABLE_MODULES = YES;
				CLANG_ENABLE_OBJC_ARC = YES;
				CLANG_ENABLE_OBJC_WEAK = YES;
				CLANG_WARN_BLOCK_CAPTURE_AUTORELEASING = YES;
				CLANG_WARN_BOOL_CONVERSION = YES;
				CLANG_WARN_COMMA = YES;
				CLANG_WARN_CONSTANT_CONVERSION = YES;
				CLANG_WARN_DEPRECATED_OBJC_IMPLEMENTATIONS = YES;
				CLANG_WARN_DIRECT_OBJC_ISA_USAGE = YES_ERROR;
				CLANG_WARN_DOCUMENTATION_COMMENTS = YES;
				CLANG_WARN_EMPTY_BODY = YES;
				CLANG_WARN_ENUM_CONVERSION = YES;
				CLANG_WARN_INFINITE_RECURSION = YES;
				CLANG_WARN_INT_CONVERSION = YES;
				CLANG_WARN_NON_LITERAL_NULL_CONVERSION = YES;
				CLANG_WARN_OBJC_IMPLICIT_RETAIN_SELF = YES;
				CLANG_WARN_OBJC_LITERAL_CONVERSION = YES;
				CLANG_WARN_OBJC_ROOT_CLASS = YES_ERROR;
				CLANG_WARN_QUOTED_INCLUDE_IN_FRAMEWORK_HEADER = YES;
				CLANG_WARN_RANGE_LOOP_ANALYSIS = YES;
				CLANG_WARN_STRICT_PROTOTYPES = YES;
				CLANG_WARN_SUSPICIOUS_MOVE = YES;
				CLANG_WARN_UNGUARDED_AVAILABILITY = YES_AGGRESSIVE;
				CLANG_WARN_UNREACHABLE_CODE = YES;
				CLANG_WARN__DUPLICATE_METHOD_MATCH = YES;
				COPY_PHASE_STRIP = NO;
				DEBUG_INFORMATION_FORMAT = "dwarf-with-dsym";
				ENABLE_NS_ASSERTIONS = NO;
				ENABLE_STRICT_OBJC_MSGSEND = YES;
				GCC_C_LANGUAGE_STANDARD = gnu11;
				GCC_NO_COMMON_BLOCKS = YES;
				GCC_WARN_64_TO_32_BIT_CONVERSION = YES;
				GCC_WARN_ABOUT_RETURN_TYPE = YES_ERROR;
				GCC_WARN_UNDECLARED_SELECTOR = YES;
				GCC_WARN_UNINITIALIZED_AUTOS = YES_AGGRESSIVE;
				GCC_WARN_UNUSED_FUNCTION = YES;
				GCC_WARN_UNUSED_VARIABLE = YES;
				IPHONEOS_DEPLOYMENT_TARGET = 16.0;
				MTL_ENABLE_DEBUG_INFO = NO;
				MTL_FAST_MATH = YES;
				SDKROOT = iphoneos;
				SWIFT_COMPILATION_MODE = wholemodule;
				SWIFT_OPTIMIZATION_LEVEL = "-O";
				VALIDATE_PRODUCT = YES;
			};
			name = Release;
		};
		EE0C216C291981D6002AE8AD /* Debug */ = {
			isa = XCBuildConfiguration;
			buildSettings = {
				ASSETCATALOG_COMPILER_APPICON_NAME = AppIcon;
				ASSETCATALOG_COMPILER_GLOBAL_ACCENT_COLOR_NAME = AccentColor;
				CODE_SIGN_STYLE = Automatic;
				CURRENT_PROJECT_VERSION = 1;
				DEVELOPMENT_TEAM = 7Q2JD863XR;
				GENERATE_INFOPLIST_FILE = YES;
				INFOPLIST_FILE = "simple notes/Info.plist";
				INFOPLIST_KEY_UIApplicationSupportsIndirectInputEvents = YES;
				INFOPLIST_KEY_UILaunchStoryboardName = LaunchScreen;
				INFOPLIST_KEY_UIMainStoryboardFile = Main;
				INFOPLIST_KEY_UISupportedInterfaceOrientations = UIInterfaceOrientationPortrait;
				IPHONEOS_DEPLOYMENT_TARGET = 13.0;
				LD_RUNPATH_SEARCH_PATHS = (
					"$(inherited)",
					"@executable_path/Frameworks",
				);
				MARKETING_VERSION = 1.0;
				PRODUCT_BUNDLE_IDENTIFIER = "maciel.emerson.simple-notes";
				PRODUCT_NAME = "$(TARGET_NAME)";
				SWIFT_EMIT_LOC_STRINGS = YES;
				SWIFT_VERSION = 5.0;
				TARGETED_DEVICE_FAMILY = "1,2";
			};
			name = Debug;
		};
		EE0C216D291981D6002AE8AD /* Release */ = {
			isa = XCBuildConfiguration;
			buildSettings = {
				ASSETCATALOG_COMPILER_APPICON_NAME = AppIcon;
				ASSETCATALOG_COMPILER_GLOBAL_ACCENT_COLOR_NAME = AccentColor;
				CODE_SIGN_STYLE = Automatic;
				CURRENT_PROJECT_VERSION = 1;
				DEVELOPMENT_TEAM = 7Q2JD863XR;
				GENERATE_INFOPLIST_FILE = YES;
				INFOPLIST_FILE = "simple notes/Info.plist";
				INFOPLIST_KEY_UIApplicationSupportsIndirectInputEvents = YES;
				INFOPLIST_KEY_UILaunchStoryboardName = LaunchScreen;
				INFOPLIST_KEY_UIMainStoryboardFile = Main;
				INFOPLIST_KEY_UISupportedInterfaceOrientations = UIInterfaceOrientationPortrait;
				IPHONEOS_DEPLOYMENT_TARGET = 13.0;
				LD_RUNPATH_SEARCH_PATHS = (
					"$(inherited)",
					"@executable_path/Frameworks",
				);
				MARKETING_VERSION = 1.0;
				PRODUCT_BUNDLE_IDENTIFIER = "maciel.emerson.simple-notes";
				PRODUCT_NAME = "$(TARGET_NAME)";
				SWIFT_EMIT_LOC_STRINGS = YES;
				SWIFT_VERSION = 5.0;
				TARGETED_DEVICE_FAMILY = "1,2";
			};
			name = Release;
		};
/* End XCBuildConfiguration section */

/* Begin XCConfigurationList section */
		EE0C2152291981D4002AE8AD /* Build configuration list for PBXProject "simple notes" */ = {
			isa = XCConfigurationList;
			buildConfigurations = (
				EE0C2169291981D6002AE8AD /* Debug */,
				EE0C216A291981D6002AE8AD /* Release */,
			);
			defaultConfigurationIsVisible = 0;
			defaultConfigurationName = Release;
		};
		EE0C216B291981D6002AE8AD /* Build configuration list for PBXNativeTarget "simple notes" */ = {
			isa = XCConfigurationList;
			buildConfigurations = (
				EE0C216C291981D6002AE8AD /* Debug */,
				EE0C216D291981D6002AE8AD /* Release */,
			);
			defaultConfigurationIsVisible = 0;
			defaultConfigurationName = Release;
		};
/* End XCConfigurationList section */
	};
	rootObject = EE0C214F291981D4002AE8AD /* Project object */;
}
